
Microsoft Visual Studio Solution File, Format Version 12.00
# Visual Studio Version 17
VisualStudioVersion = 17.1.32421.90
MinimumVisualStudioVersion = 10.0.40219.1
Project("{FAE04EC0-301F-11D3-BF4B-00C04F79EFBC}") = "C2CProfitC", "C2CProfitC\C2CProfitC.csproj", "{E508E41C-E677-4472-9223-0E0846014E8E}"
EndProject
Global
	GlobalSection(SolutionConfigurationPlatforms) = preSolution
		Debug|Any CPU = Debug|Any CPU
		Release|Any CPU = Release|Any CPU
	EndGlobalSection
	GlobalSection(ProjectConfigurationPlatforms) = postSolution
		{E508E41C-E677-4472-9223-0E0846014E8E}.Debug|Any CPU.ActiveCfg = Debug|Any CPU
		{E508E41C-E677-4472-9223-0E0846014E8E}.Debug|Any CPU.Build.0 = Debug|Any CPU
		{E508E41C-E677-4472-9223-0E0846014E8E}.Release|Any CPU.ActiveCfg = Release|Any CPU
		{E508E41C-E677-4472-9223-0E0846014E8E}.Release|Any CPU.Build.0 = Release|Any CPU
	EndGlobalSection
	GlobalSection(SolutionProperties) = preSolution
		HideSolutionNode = FALSE
	EndGlobalSection
	GlobalSection(ExtensibilityGlobals) = postSolution
		SolutionGuid = {7EA10194-BEFC-4604-B0CB-BAD0D54337C4}
	EndGlobalSection
EndGlobal
